{
  "name": "@project-sunbird/sb-themes",
  "version": "0.0.85",
  "lockfileVersion": 1,
  "requires": true,
  "dependencies": {
    "@project-sunbird/sb-styles": {
      "version": "0.0.12",
      "resolved": "https://registry.npmjs.org/@project-sunbird/sb-styles/-/sb-styles-0.0.12.tgz",
      "integrity": "sha512-owHKZJF+LaCEbIUX2fo0Bi0QsIZXETQkZEE3CrEXeG6TBNN5v8WQZLAw296po+Kqk1sU8a9E1ckQ/OeIHeg7gg=="
    }
  }
}
