{
  "name": "@project-sunbird/sb-themes",
  "version": "0.0.87",
  "lockfileVersion": 1,
  "requires": true,
  "dependencies": {
    "@project-sunbird/sb-styles": {
      "version": "0.0.13",
      "resolved": "https://registry.npmjs.org/@project-sunbird/sb-styles/-/sb-styles-0.0.13.tgz",
      "integrity": "sha512-UsvzyvOThxe80gM6JMOn8U0lUoNv+fDHncswV+cR1jEDydI17UBaVfdTSMN4xkl5oULq+YlEU5fKxTGOhh7WkA=="
    }
  }
}
